
Microsoft Visual Studio Solution File, Format Version 12.00
# Visual Studio 14
VisualStudioVersion = 14.0.23107.0
MinimumVisualStudioVersion = 10.0.40219.1
Project("{FAE04EC0-301F-11D3-BF4B-00C04F79EFBC}") = "LiteNetServer", "LiteNetServer\LiteNetServer.csproj", "{B66A94E0-6EE1-4585-B2D1-A2BC97AE5560}"
EndProject
Project("{FAE04EC0-301F-11D3-BF4B-00C04F79EFBC}") = "LiteNetClient", "LiteNetClient\LiteNetClient.csproj", "{8D4089EE-DFA8-4543-9BCB-AF34D3D4F374}"
EndProject
Global
	GlobalSection(SolutionConfigurationPlatforms) = preSolution
		Debug|Any CPU = Debug|Any CPU
		Release|Any CPU = Release|Any CPU
	EndGlobalSection
	GlobalSection(ProjectConfigurationPlatforms) = postSolution
		{B66A94E0-6EE1-4585-B2D1-A2BC97AE5560}.Debug|Any CPU.ActiveCfg = Debug|Any CPU
		{B66A94E0-6EE1-4585-B2D1-A2BC97AE5560}.Debug|Any CPU.Build.0 = Debug|Any CPU
		{B66A94E0-6EE1-4585-B2D1-A2BC97AE5560}.Release|Any CPU.ActiveCfg = Release|Any CPU
		{B66A94E0-6EE1-4585-B2D1-A2BC97AE5560}.Release|Any CPU.Build.0 = Release|Any CPU
		{8D4089EE-DFA8-4543-9BCB-AF34D3D4F374}.Debug|Any CPU.ActiveCfg = Debug|Any CPU
		{8D4089EE-DFA8-4543-9BCB-AF34D3D4F374}.Debug|Any CPU.Build.0 = Debug|Any CPU
		{8D4089EE-DFA8-4543-9BCB-AF34D3D4F374}.Release|Any CPU.ActiveCfg = Release|Any CPU
		{8D4089EE-DFA8-4543-9BCB-AF34D3D4F374}.Release|Any CPU.Build.0 = Release|Any CPU
	EndGlobalSection
	GlobalSection(SolutionProperties) = preSolution
		HideSolutionNode = FALSE
	EndGlobalSection
EndGlobal
